
Microsoft Visual Studio Solution File, Format Version 12.00
# Visual Studio Version 17
VisualStudioVersion = 17.5.33516.290
MinimumVisualStudioVersion = 10.0.40219.1
Project("{FAE04EC0-301F-11D3-BF4B-00C04F79EFBC}") = "MathGameApplication", "MathGame\MathGameApplication.csproj", "{8ADB8873-DDB8-4F86-B06A-C1081D9079F0}"
EndProject
Global
	GlobalSection(SolutionConfigurationPlatforms) = preSolution
		Debug|Any CPU = Debug|Any CPU
		Release|Any CPU = Release|Any CPU
	EndGlobalSection
	GlobalSection(ProjectConfigurationPlatforms) = postSolution
		{8ADB8873-DDB8-4F86-B06A-C1081D9079F0}.Debug|Any CPU.ActiveCfg = Debug|Any CPU
		{8ADB8873-DDB8-4F86-B06A-C1081D9079F0}.Debug|Any CPU.Build.0 = Debug|Any CPU
		{8ADB8873-DDB8-4F86-B06A-C1081D9079F0}.Release|Any CPU.ActiveCfg = Release|Any CPU
		{8ADB8873-DDB8-4F86-B06A-C1081D9079F0}.Release|Any CPU.Build.0 = Release|Any CPU
	EndGlobalSection
	GlobalSection(SolutionProperties) = preSolution
		HideSolutionNode = FALSE
	EndGlobalSection
	GlobalSection(ExtensibilityGlobals) = postSolution
		SolutionGuid = {385B8871-0193-4DF7-BCD6-777ED9659CD0}
	EndGlobalSection
EndGlobal
